
Microsoft Visual Studio Solution File, Format Version 12.00
# Visual Studio Version 17
VisualStudioVersion = 17.4.33403.182
MinimumVisualStudioVersion = 10.0.40219.1
Project("{FAE04EC0-301F-11D3-BF4B-00C04F79EFBC}") = "Ajax_Project", "Ajax_Project\Ajax_Project.csproj", "{62CD201A-3C78-4C3B-AC78-2A373173B27E}"
EndProject
Global
	GlobalSection(SolutionConfigurationPlatforms) = preSolution
		Debug|Any CPU = Debug|Any CPU
		Release|Any CPU = Release|Any CPU
	EndGlobalSection
	GlobalSection(ProjectConfigurationPlatforms) = postSolution
		{62CD201A-3C78-4C3B-AC78-2A373173B27E}.Debug|Any CPU.ActiveCfg = Debug|Any CPU
		{62CD201A-3C78-4C3B-AC78-2A373173B27E}.Debug|Any CPU.Build.0 = Debug|Any CPU
		{62CD201A-3C78-4C3B-AC78-2A373173B27E}.Release|Any CPU.ActiveCfg = Release|Any CPU
		{62CD201A-3C78-4C3B-AC78-2A373173B27E}.Release|Any CPU.Build.0 = Release|Any CPU
	EndGlobalSection
	GlobalSection(SolutionProperties) = preSolution
		HideSolutionNode = FALSE
	EndGlobalSection
	GlobalSection(ExtensibilityGlobals) = postSolution
		SolutionGuid = {A7A88DBD-6464-4B25-B1DE-718DB15D80C3}
	EndGlobalSection
EndGlobal
